
Microsoft Visual Studio Solution File, Format Version 12.00
# Visual Studio Version 17
VisualStudioVersion = 17.9.34728.123
MinimumVisualStudioVersion = 10.0.40219.1
Project("{FAE04EC0-301F-11D3-BF4B-00C04F79EFBC}") = "Simple Serial Communication", "Simple Serial Communication\Simple Serial Communication.csproj", "{2F52C7AC-0608-435C-9ED5-A0528258FD8A}"
EndProject
Global
	GlobalSection(SolutionConfigurationPlatforms) = preSolution
		Debug|Any CPU = Debug|Any CPU
		Release|Any CPU = Release|Any CPU
	EndGlobalSection
	GlobalSection(ProjectConfigurationPlatforms) = postSolution
		{2F52C7AC-0608-435C-9ED5-A0528258FD8A}.Debug|Any CPU.ActiveCfg = Debug|Any CPU
		{2F52C7AC-0608-435C-9ED5-A0528258FD8A}.Debug|Any CPU.Build.0 = Debug|Any CPU
		{2F52C7AC-0608-435C-9ED5-A0528258FD8A}.Release|Any CPU.ActiveCfg = Release|Any CPU
		{2F52C7AC-0608-435C-9ED5-A0528258FD8A}.Release|Any CPU.Build.0 = Release|Any CPU
	EndGlobalSection
	GlobalSection(SolutionProperties) = preSolution
		HideSolutionNode = FALSE
	EndGlobalSection
	GlobalSection(ExtensibilityGlobals) = postSolution
		SolutionGuid = {8D8C903E-BC11-4C2B-AF29-6DFFA2F412C6}
	EndGlobalSection
EndGlobal
